
Microsoft Visual Studio Solution File, Format Version 12.00
# Visual Studio Version 16
VisualStudioVersion = 16.0.31702.278
MinimumVisualStudioVersion = 10.0.40219.1
Project("{FAE04EC0-301F-11D3-BF4B-00C04F79EFBC}") = "WebAppClients", "WebAppClients\WebAppClients.csproj", "{DFCED8EC-D2CB-4A08-9995-93FD89654F1C}"
EndProject
Project("{FAE04EC0-301F-11D3-BF4B-00C04F79EFBC}") = "App.Repository", "App.Repository\App.Repository.csproj", "{DA28BDB9-A452-41CD-8C2B-CB3B2AE62482}"
EndProject
Project("{FAE04EC0-301F-11D3-BF4B-00C04F79EFBC}") = "App.Domain", "App.Domain\App.Domain.csproj", "{C0F7688E-F40A-40A8-85E6-6DE8994C25F7}"
EndProject
Global
	GlobalSection(SolutionConfigurationPlatforms) = preSolution
		Debug|Any CPU = Debug|Any CPU
		Release|Any CPU = Release|Any CPU
	EndGlobalSection
	GlobalSection(ProjectConfigurationPlatforms) = postSolution
		{DFCED8EC-D2CB-4A08-9995-93FD89654F1C}.Debug|Any CPU.ActiveCfg = Debug|Any CPU
		{DFCED8EC-D2CB-4A08-9995-93FD89654F1C}.Debug|Any CPU.Build.0 = Debug|Any CPU
		{DFCED8EC-D2CB-4A08-9995-93FD89654F1C}.Release|Any CPU.ActiveCfg = Release|Any CPU
		{DFCED8EC-D2CB-4A08-9995-93FD89654F1C}.Release|Any CPU.Build.0 = Release|Any CPU
		{DA28BDB9-A452-41CD-8C2B-CB3B2AE62482}.Debug|Any CPU.ActiveCfg = Debug|Any CPU
		{DA28BDB9-A452-41CD-8C2B-CB3B2AE62482}.Debug|Any CPU.Build.0 = Debug|Any CPU
		{DA28BDB9-A452-41CD-8C2B-CB3B2AE62482}.Release|Any CPU.ActiveCfg = Release|Any CPU
		{DA28BDB9-A452-41CD-8C2B-CB3B2AE62482}.Release|Any CPU.Build.0 = Release|Any CPU
		{C0F7688E-F40A-40A8-85E6-6DE8994C25F7}.Debug|Any CPU.ActiveCfg = Debug|Any CPU
		{C0F7688E-F40A-40A8-85E6-6DE8994C25F7}.Debug|Any CPU.Build.0 = Debug|Any CPU
		{C0F7688E-F40A-40A8-85E6-6DE8994C25F7}.Release|Any CPU.ActiveCfg = Release|Any CPU
		{C0F7688E-F40A-40A8-85E6-6DE8994C25F7}.Release|Any CPU.Build.0 = Release|Any CPU
	EndGlobalSection
	GlobalSection(SolutionProperties) = preSolution
		HideSolutionNode = FALSE
	EndGlobalSection
	GlobalSection(ExtensibilityGlobals) = postSolution
		SolutionGuid = {D67BBFBE-9551-4276-AF73-FB68399453D8}
	EndGlobalSection
EndGlobal
